
Microsoft Visual Studio Solution File, Format Version 12.00
# Visual Studio 14
VisualStudioVersion = 14.0.25123.0
MinimumVisualStudioVersion = 10.0.40219.1
Project("{FAE04EC0-301F-11D3-BF4B-00C04F79EFBC}") = "RabbitMessagePublisher", "RabbitMessagePublisher\RabbitMessagePublisher.csproj", "{848711F8-37EF-4F1C-B616-6B604FCDAACD}"
EndProject
Project("{FAE04EC0-301F-11D3-BF4B-00C04F79EFBC}") = "RavenQuery", "RavenQuery\RavenQuery.csproj", "{081848A3-55A5-423C-8109-9CE579E2CC4B}"
EndProject
Global
	GlobalSection(SolutionConfigurationPlatforms) = preSolution
		Debug|Any CPU = Debug|Any CPU
		Release|Any CPU = Release|Any CPU
	EndGlobalSection
	GlobalSection(ProjectConfigurationPlatforms) = postSolution
		{848711F8-37EF-4F1C-B616-6B604FCDAACD}.Debug|Any CPU.ActiveCfg = Debug|Any CPU
		{848711F8-37EF-4F1C-B616-6B604FCDAACD}.Debug|Any CPU.Build.0 = Debug|Any CPU
		{848711F8-37EF-4F1C-B616-6B604FCDAACD}.Release|Any CPU.ActiveCfg = Release|Any CPU
		{848711F8-37EF-4F1C-B616-6B604FCDAACD}.Release|Any CPU.Build.0 = Release|Any CPU
		{081848A3-55A5-423C-8109-9CE579E2CC4B}.Debug|Any CPU.ActiveCfg = Debug|Any CPU
		{081848A3-55A5-423C-8109-9CE579E2CC4B}.Debug|Any CPU.Build.0 = Debug|Any CPU
		{081848A3-55A5-423C-8109-9CE579E2CC4B}.Release|Any CPU.ActiveCfg = Release|Any CPU
		{081848A3-55A5-423C-8109-9CE579E2CC4B}.Release|Any CPU.Build.0 = Release|Any CPU
	EndGlobalSection
	GlobalSection(SolutionProperties) = preSolution
		HideSolutionNode = FALSE
	EndGlobalSection
EndGlobal
